# This file is automatically @generated by Cargo.
# It is not intended for manual editing.
version = 3

[[package]]
name = "histogram"
version = "0.6.9"
source = "registry+https://github.com/rust-lang/crates.io-index"
checksum = "12cb882ccb290b8646e554b157ab0b71e64e8d5bef775cd66b6531e52d302669"

[[package]]
name = "rote"
version = "0.1.0"
dependencies = [
 "histogram",
]
